
Microsoft Visual Studio Solution File, Format Version 12.00
# Visual Studio Version 16
VisualStudioVersion = 16.0.29025.244
MinimumVisualStudioVersion = 10.0.40219.1
Project("{FAE04EC0-301F-11D3-BF4B-00C04F79EFBC}") = "CoffeeGiver", "CoffeeGiver\CoffeeGiver.csproj", "{32EC4413-0ACC-41E0-928F-5CBAFE85973E}"
EndProject
Global
	GlobalSection(SolutionConfigurationPlatforms) = preSolution
		Debug|Any CPU = Debug|Any CPU
		Release|Any CPU = Release|Any CPU
	EndGlobalSection
	GlobalSection(ProjectConfigurationPlatforms) = postSolution
		{32EC4413-0ACC-41E0-928F-5CBAFE85973E}.Debug|Any CPU.ActiveCfg = Debug|Any CPU
		{32EC4413-0ACC-41E0-928F-5CBAFE85973E}.Debug|Any CPU.Build.0 = Debug|Any CPU
		{32EC4413-0ACC-41E0-928F-5CBAFE85973E}.Release|Any CPU.ActiveCfg = Release|Any CPU
		{32EC4413-0ACC-41E0-928F-5CBAFE85973E}.Release|Any CPU.Build.0 = Release|Any CPU
	EndGlobalSection
	GlobalSection(SolutionProperties) = preSolution
		HideSolutionNode = FALSE
	EndGlobalSection
	GlobalSection(ExtensibilityGlobals) = postSolution
		SolutionGuid = {15459CFD-36F5-420B-BF16-1BB76FA18DBA}
	EndGlobalSection
EndGlobal
